PODS:
  - Capacitor (1.0.0-alpha.39):
    - CapacitorCordova (= 1.0.0-alpha.39)
    - GCDWebServer (~> 3.0)
  - CapacitorCordova (1.0.0-alpha.39)
  - CapacitorSingleSignon (1.0.0):
    - Capacitor
  - GCDWebServer (3.4.2):
    - GCDWebServer/Core (= 3.4.2)
  - GCDWebServer/Core (3.4.2)

DEPENDENCIES:
  - "Capacitor (from `../../node_modules/@capacitor/ios`)"
  - "CapacitorCordova (from `../../node_modules/@capacitor/ios`)"
  - CapacitorSingleSignon (from `../../node_modules/capacitor-single-signon`)

SPEC REPOS:
  https://github.com/cocoapods/specs.git:
    - GCDWebServer

EXTERNAL SOURCES:
  Capacitor:
    :path: "../../node_modules/@capacitor/ios"
  CapacitorCordova:
    :path: "../../node_modules/@capacitor/ios"
  CapacitorSingleSignon:
    :path: "../../node_modules/capacitor-single-signon"

SPEC CHECKSUMS:
  Capacitor: 694bd651f06ece975ddf33d78d012a0d0fbece57
  CapacitorCordova: 1ce96e3c67c9b90e850e563798255268c5a8984b
  CapacitorSingleSignon: a130e92851be2f37d2c53c468e416bbb32d5bcfc
  GCDWebServer: 8d67ee9f634b4bb91eb4b8aee440318a5fc6debd

PODFILE CHECKSUM: 98a8947b020fd0a337150f20d851208880d89cf6

COCOAPODS: 1.5.3
